// !$*UTF8*$!
{
	archiveVersion = 1;
	classes = {
	};
	objectVersion = 46;
	objects = {

/* Begin PBXBuildFile section */
		0CD2EAC41D12669F002F6314 /* main.m in Sources */ = {isa = PBXBuildFile; fileRef = 0CD2EAC31D12669F002F6314 /* main.m */; };
		0CD2EAC71D12669F002F6314 /* AppDelegate.m in Sources */ = {isa = PBXBuildFile; fileRef = 0CD2EAC61D12669F002F6314 /* AppDelegate.m */; };
		0CD2EACA1D12669F002F6314 /* ViewController.m in Sources */ = {isa = PBXBuildFile; fileRef = 0CD2EAC91D12669F002F6314 /* ViewController.m */; };
		0CD2EACD1D12669F002F6314 /* Main.storyboard in Resources */ = {isa = PBXBuildFile; fileRef = 0CD2EACB1D12669F002F6314 /* Main.storyboard */; };
		0CD2EACF1D12669F002F6314 /* Assets.xcassets in Resources */ = {isa = PBXBuildFile; fileRef = 0CD2EACE1D12669F002F6314 /* Assets.xcassets */; };
		0CD2EAD21D12669F002F6314 /* LaunchScreen.storyboard in Resources */ = {isa = PBXBuildFile; fileRef = 0CD2EAD01D12669F002F6314 /* LaunchScreen.storyboard */; };
		0CD2EAF71D126706002F6314 /* AppDelegate.m in Sources */ = {isa = PBXBuildFile; fileRef = 0CD2EAED1D126706002F6314 /* AppDelegate.m */; };
/* End PBXBuildFile section */

/* Begin PBXFileReference section */
		0CD2EABF1D12669F002F6314 /* link1.app */ = {isa = PBXFileReference; explicitFileType = wrapper.application; includeInIndex = 0; path = link1.app; sourceTree = BUILT_PRODUCTS_DIR; };
		0CD2EAC31D12669F002F6314 /* main.m */ = {isa = PBXFileReference; lastKnownFileType = sourcecode.c.objc; path = main.m; sourceTree = "<group>"; };
		0CD2EAC51D12669F002F6314 /* AppDelegate.h */ = {isa = PBXFileReference; lastKnownFileType = sourcecode.c.h; path = AppDelegate.h; sourceTree = "<group>"; };
		0CD2EAC61D12669F002F6314 /* AppDelegate.m */ = {isa = PBXFileReference; lastKnownFileType = sourcecode.c.objc; path = AppDelegate.m; sourceTree = "<group>"; };
		0CD2EAC81D12669F002F6314 /* ViewController.h */ = {isa = PBXFileReference; lastKnownFileType = sourcecode.c.h; path = ViewController.h; sourceTree = "<group>"; };
		0CD2EAC91D12669F002F6314 /* ViewController.m */ = {isa = PBXFileReference; lastKnownFileType = sourcecode.c.objc; path = ViewController.m; sourceTree = "<group>"; };
		0CD2EACC1D12669F002F6314 /* Base */ = {isa = PBXFileReference; lastKnownFileType = file.storyboard; name = Base; path = Base.lproj/Main.storyboard; sourceTree = "<group>"; };
		0CD2EACE1D12669F002F6314 /* Assets.xcassets */ = {isa = PBXFileReference; lastKnownFileType = folder.assetcatalog; path = Assets.xcassets; sourceTree = "<group>"; };
		0CD2EAD11D12669F002F6314 /* Base */ = {isa = PBXFileReference; lastKnownFileType = file.storyboard; name = Base; path = Base.lproj/LaunchScreen.storyboard; sourceTree = "<group>"; };
		0CD2EAD31D12669F002F6314 /* Info.plist */ = {isa = PBXFileReference; lastKnownFileType = text.plist.xml; path = Info.plist; sourceTree = "<group>"; };
		0CD2EAEC1D126706002F6314 /* AppDelegate.h */ = {isa = PBXFileReference; fileEncoding = 4; lastKnownFileType = sourcecode.c.h; name = AppDelegate.h; path = ../HoangHung/bai3json/bai3json/AppDelegate.h; sourceTree = "<group>"; };
		0CD2EAED1D126706002F6314 /* AppDelegate.m */ = {isa = PBXFileReference; fileEncoding = 4; lastKnownFileType = sourcecode.c.objc; name = AppDelegate.m; path = ../HoangHung/bai3json/bai3json/AppDelegate.m; sourceTree = "<group>"; };
/* End PBXFileReference section */

/* Begin PBXFrameworksBuildPhase section */
		0CD2EABC1D12669F002F6314 /* Frameworks */ = {
			isa = PBXFrameworksBuildPhase;
			buildActionMask = 2147483647;
			files = (
			);
			runOnlyForDeploymentPostprocessing = 0;
		};
/* End PBXFrameworksBuildPhase section */

/* Begin PBXGroup section */
		0CD2EAB61D12669F002F6314 = {
			isa = PBXGroup;
			children = (
				0CD2EAEC1D126706002F6314 /* AppDelegate.h */,
				0CD2EAED1D126706002F6314 /* AppDelegate.m */,
				0CD2EAC11D12669F002F6314 /* link1 */,
				0CD2EAC01D12669F002F6314 /* Products */,
			);
			sourceTree = "<group>";
		};
		0CD2EAC01D12669F002F6314 /* Products */ = {
			isa = PBXGroup;
			children = (
				0CD2EABF1D12669F002F6314 /* link1.app */,
			);
			name = Products;
			sourceTree = "<group>";
		};
		0CD2EAC11D12669F002F6314 /* link1 */ = {
			isa = PBXGroup;
			children = (
				0CD2EAC51D12669F002F6314 /* AppDelegate.h */,
				0CD2EAC61D12669F002F6314 /* AppDelegate.m */,
				0CD2EAC81D12669F002F6314 /* ViewController.h */,
				0CD2EAC91D12669F002F6314 /* ViewController.m */,
				0CD2EACB1D12669F002F6314 /* Main.storyboard */,
				0CD2EACE1D12669F002F6314 /* Assets.xcassets */,
				0CD2EAD01D12669F002F6314 /* LaunchScreen.storyboard */,
				0CD2EAD31D12669F002F6314 /* Info.plist */,
				0CD2EAC21D12669F002F6314 /* Supporting Files */,
			);
			path = link1;
			sourceTree = "<group>";
		};
		0CD2EAC21D12669F002F6314 /* Supporting Files */ = {
			isa = PBXGroup;
			children = (
				0CD2EAC31D12669F002F6314 /* main.m */,
			);
			name = "Supporting Files";
			sourceTree = "<group>";
		};
/* End PBXGroup section */

/* Begin PBXNativeTarget section */
		0CD2EABE1D12669F002F6314 /* link1 */ = {
			isa = PBXNativeTarget;
			buildConfigurationList = 0CD2EAD61D12669F002F6314 /* Build configuration list for PBXNativeTarget "link1" */;
			buildPhases = (
				0CD2EABB1D12669F002F6314 /* Sources */,
				0CD2EABC1D12669F002F6314 /* Frameworks */,
				0CD2EABD1D12669F002F6314 /* Resources */,
			);
			buildRules = (
			);
			dependencies = (
			);
			name = link1;
			productName = link1;
			productReference = 0CD2EABF1D12669F002F6314 /* link1.app */;
			productType = "com.apple.product-type.application";
		};
/* End PBXNativeTarget section */

/* Begin PBXProject section */
		0CD2EAB71D12669F002F6314 /* Project object */ = {
			isa = PBXProject;
			attributes = {
				LastUpgradeCheck = 0730;
				ORGANIZATIONNAME = silkroadpacific;
				TargetAttributes = {
					0CD2EABE1D12669F002F6314 = {
						CreatedOnToolsVersion = 7.3.1;
					};
				};
			};
			buildConfigurationList = 0CD2EABA1D12669F002F6314 /* Build configuration list for PBXProject "link1" */;
			compatibilityVersion = "Xcode 3.2";
			developmentRegion = English;
			hasScannedForEncodings = 0;
			knownRegions = (
				en,
				Base,
			);
			mainGroup = 0CD2EAB61D12669F002F6314;
			productRefGroup = 0CD2EAC01D12669F002F6314 /* Products */;
			projectDirPath = "";
			projectRoot = "";
			targets = (
				0CD2EABE1D12669F002F6314 /* link1 */,
			);
		};
/* End PBXProject section */

/* Begin PBXResourcesBuildPhase section */
		0CD2EABD1D12669F002F6314 /* Resources */ = {
			isa = PBXResourcesBuildPhase;
			buildActionMask = 2147483647;
			files = (
				0CD2EAD21D12669F002F6314 /* LaunchScreen.storyboard in Resources */,
				0CD2EACF1D12669F002F6314 /* Assets.xcassets in Resources */,
				0CD2EACD1D12669F002F6314 /* Main.storyboard in Resources */,
			);
			runOnlyForDeploymentPostprocessing = 0;
		};
/* End PBXResourcesBuildPhase section */

/* Begin PBXSourcesBuildPhase section */
		0CD2EABB1D12669F002F6314 /* Sources */ = {
			isa = PBXSourcesBuildPhase;
			buildActionMask = 2147483647;
			files = (
				0CD2EACA1D12669F002F6314 /* ViewController.m in Sources */,
				0CD2EAF71D126706002F6314 /* AppDelegate.m in Sources */,
				0CD2EAC71D12669F002F6314 /* AppDelegate.m in Sources */,
				0CD2EAC41D12669F002F6314 /* main.m in Sources */,
			);
			runOnlyForDeploymentPostprocessing = 0;
		};
/* End PBXSourcesBuildPhase section */

/* Begin PBXVariantGroup section */
		0CD2EACB1D12669F002F6314 /* Main.storyboard */ = {
			isa = PBXVariantGroup;
			children = (
				0CD2EACC1D12669F002F6314 /* Base */,
			);
			name = Main.storyboard;
			sourceTree = "<group>";
		};
		0CD2EAD01D12669F002F6314 /* LaunchScreen.storyboard */ = {
			isa = PBXVariantGroup;
			children = (
				0CD2EAD11D12669F002F6314 /* Base */,
			);
			name = LaunchScreen.storyboard;
			sourceTree = "<group>";
		};
/* End PBXVariantGroup section */

/* Begin XCBuildConfiguration section */
		0CD2EAD41D12669F002F6314 /* Debug */ = {
			isa = XCBuildConfiguration;
			buildSettings = {
				ALWAYS_SEARCH_USER_PATHS = NO;
				CLANG_ANALYZER_NONNULL = YES;
				CLANG_CXX_LANGUAGE_STANDARD = "gnu++0x";
				CLANG_CXX_LIBRARY = "libc++";
				CLANG_ENABLE_MODULES = YES;
				CLANG_ENABLE_OBJC_ARC = YES;
				CLANG_WARN_BOOL_CONVERSION = YES;
				CLANG_WARN_CONSTANT_CONVERSION = YES;
				CLANG_WARN_DIRECT_OBJC_ISA_USAGE = YES_ERROR;
				CLANG_WARN_EMPTY_BODY = YES;
				CLANG_WARN_ENUM_CONVERSION = YES;
				CLANG_WARN_INT_CONVERSION = YES;
				CLANG_WARN_OBJC_ROOT_CLASS = YES_ERROR;
				CLANG_WARN_UNREACHABLE_CODE = YES;
				CLANG_WARN__DUPLICATE_METHOD_MATCH = YES;
				"CODE_SIGN_IDENTITY[sdk=iphoneos*]" = "iPhone Developer";
				COPY_PHASE_STRIP = NO;
				DEBUG_INFORMATION_FORMAT = dwarf;
				ENABLE_STRICT_OBJC_MSGSEND = YES;
				ENABLE_TESTABILITY = YES;
				GCC_C_LANGUAGE_STANDARD = gnu99;
				GCC_DYNAMIC_NO_PIC = NO;
				GCC_NO_COMMON_BLOCKS = YES;
				GCC_OPTIMIZATION_LEVEL = 0;
				GCC_PREPROCESSOR_DEFINITIONS = (
					"DEBUG=1",
					"$(inherited)",
				);
				GCC_WARN_64_TO_32_BIT_CONVERSION = YES;
				GCC_WARN_ABOUT_RETURN_TYPE = YES_ERROR;
				GCC_WARN_UNDECLARED_SELECTOR = YES;
				GCC_WARN_UNINITIALIZED_AUTOS = YES_AGGRESSIVE;
				GCC_WARN_UNUSED_FUNCTION = YES;
				GCC_WARN_UNUSED_VARIABLE = YES;
				IPHONEOS_DEPLOYMENT_TARGET = 9.3;
				MTL_ENABLE_DEBUG_INFO = YES;
				ONLY_ACTIVE_ARCH = YES;
				SDKROOT = iphoneos;
			};
			name = Debug;
		};
		0CD2EAD51D12669F002F6314 /* Release */ = {
			isa = XCBuildConfiguration;
			buildSettings = {
				ALWAYS_SEARCH_USER_PATHS = NO;
				CLANG_ANALYZER_NONNULL = YES;
				CLANG_CXX_LANGUAGE_STANDARD = "gnu++0x";
				CLANG_CXX_LIBRARY = "libc++";
				CLANG_ENABLE_MODULES = YES;
				CLANG_ENABLE_OBJC_ARC = YES;
				CLANG_WARN_BOOL_CONVERSION = YES;
				CLANG_WARN_CONSTANT_CONVERSION = YES;
				CLANG_WARN_DIRECT_OBJC_ISA_USAGE = YES_ERROR;
				CLANG_WARN_EMPTY_BODY = YES;
				CLANG_WARN_ENUM_CONVERSION = YES;
				CLANG_WARN_INT_CONVERSION = YES;
				CLANG_WARN_OBJC_ROOT_CLASS = YES_ERROR;
				CLANG_WARN_UNREACHABLE_CODE = YES;
				CLANG_WARN__DUPLICATE_METHOD_MATCH = YES;
				"CODE_SIGN_IDENTITY[sdk=iphoneos*]" = "iPhone Developer";
				COPY_PHASE_STRIP = NO;
				DEBUG_INFORMATION_FORMAT = "dwarf-with-dsym";
				ENABLE_NS_ASSERTIONS = NO;
				ENABLE_STRICT_OBJC_MSGSEND = YES;
				GCC_C_LANGUAGE_STANDARD = gnu99;
				GCC_NO_COMMON_BLOCKS = YES;
				GCC_WARN_64_TO_32_BIT_CONVERSION = YES;
				GCC_WARN_ABOUT_RETURN_TYPE = YES_ERROR;
				GCC_WARN_UNDECLARED_SELECTOR = YES;
				GCC_WARN_UNINITIALIZED_AUTOS = YES_AGGRESSIVE;
				GCC_WARN_UNUSED_FUNCTION = YES;
				GCC_WARN_UNUSED_VARIABLE = YES;
				IPHONEOS_DEPLOYMENT_TARGET = 9.3;
				MTL_ENABLE_DEBUG_INFO = NO;
				SDKROOT = iphoneos;
				VALIDATE_PRODUCT = YES;
			};
			name = Release;
		};
		0CD2EAD71D12669F002F6314 /* Debug */ = {
			isa = XCBuildConfiguration;
			buildSettings = {
				ASSETCATALOG_COMPILER_APPICON_NAME = AppIcon;
				INFOPLIST_FILE = link1/Info.plist;
				LD_RUNPATH_SEARCH_PATHS = "$(inherited) @executable_path/Frameworks";
				PRODUCT_BUNDLE_IDENTIFIER = com.silkroadpacific.link1;
				PRODUCT_NAME = "$(TARGET_NAME)";
			};
			name = Debug;
		};
		0CD2EAD81D12669F002F6314 /* Release */ = {
			isa = XCBuildConfiguration;
			buildSettings = {
				ASSETCATALOG_COMPILER_APPICON_NAME = AppIcon;
				INFOPLIST_FILE = link1/Info.plist;
				LD_RUNPATH_SEARCH_PATHS = "$(inherited) @executable_path/Frameworks";
				PRODUCT_BUNDLE_IDENTIFIER = com.silkroadpacific.link1;
				PRODUCT_NAME = "$(TARGET_NAME)";
			};
			name = Release;
		};
/* End XCBuildConfiguration section */

/* Begin XCConfigurationList section */
		0CD2EABA1D12669F002F6314 /* Build configuration list for PBXProject "link1" */ = {
			isa = XCConfigurationList;
			buildConfigurations = (
				0CD2EAD41D12669F002F6314 /* Debug */,
				0CD2EAD51D12669F002F6314 /* Release */,
			);
			defaultConfigurationIsVisible = 0;
			defaultConfigurationName = Release;
		};
		0CD2EAD61D12669F002F6314 /* Build configuration list for PBXNativeTarget "link1" */ = {
			isa = XCConfigurationList;
			buildConfigurations = (
				0CD2EAD71D12669F002F6314 /* Debug */,
				0CD2EAD81D12669F002F6314 /* Release */,
			);
			defaultConfigurationIsVisible = 0;
		};
/* End XCConfigurationList section */
	};
	rootObject = 0CD2EAB71D12669F002F6314 /* Project object */;
}
